{
  "name": "ws-bot-manager",
  "version": "0.1.2",
  "lockfileVersion": 1,
  "requires": true,
  "dependencies": {
    "@types/node": {
      "version": "13.11.0",
      "resolved": "https://registry.npm.taobao.org/@types/node/download/@types/node-13.11.0.tgz",
      "integrity": "sha1-OQ6iAlOcYcj6a6RCi1fgW8NtxHs="
    },
    "@types/ws": {
      "version": "7.2.3",
      "resolved": "https://registry.npm.taobao.org/@types/ws/download/@types/ws-7.2.3.tgz?cache=0&sync_timestamp=1584563391238&other_urls=https%3A%2F%2Fregistry.npm.taobao.org%2F%40types%2Fws%2Fdownload%2F%40types%2Fws-7.2.3.tgz",
      "integrity": "sha1-o63VYHesbMk5a5UCxyUqFjWSIDI=",
      "requires": {
        "@types/node": "*"
      }
    },
    "typescript": {
      "version": "3.8.3",
      "resolved": "https://registry.npm.taobao.org/typescript/download/typescript-3.8.3.tgz",
      "integrity": "sha1-QJ64VE6gM1cRIFhp7EWKsQnuEGE=",
      "dev": true
    },
    "ws": {
      "version": "7.2.3",
      "resolved": "https://registry.npm.taobao.org/ws/download/ws-7.2.3.tgz",
      "integrity": "sha1-pUEeH7BNXtDv7nbSbVxG2DDDm0Y="
    }
  }
}
